// !$*UTF8*$!
{
	archiveVersion = 1;
	classes = {
	};
	objectVersion = 46;
	objects = {

/* Begin PBXBuildFile section */
		79331C6F1D3EBD1F0094D418 /* AppDelegate.swift in Sources */ = {isa = PBXBuildFile; fileRef = 79331C6E1D3EBD1F0094D418 /* AppDelegate.swift */; };
		79331C711D3EBD1F0094D418 /* DetailView.swift in Sources */ = {isa = PBXBuildFile; fileRef = 79331C701D3EBD1F0094D418 /* DetailView.swift */; };
		79331C741D3EBD1F0094D418 /* Main.storyboard in Resources */ = {isa = PBXBuildFile; fileRef = 79331C721D3EBD1F0094D418 /* Main.storyboard */; };
		79331C761D3EBD1F0094D418 /* Assets.xcassets in Resources */ = {isa = PBXBuildFile; fileRef = 79331C751D3EBD1F0094D418 /* Assets.xcassets */; };
		79331C791D3EBD1F0094D418 /* LaunchScreen.storyboard in Resources */ = {isa = PBXBuildFile; fileRef = 79331C771D3EBD1F0094D418 /* LaunchScreen.storyboard */; };
		797680FC1D400F65002F0382 /* Post.swift in Sources */ = {isa = PBXBuildFile; fileRef = 797680FB1D400F65002F0382 /* Post.swift */; };
		79E413C41D46528C0072863C /* PostCell.swift in Sources */ = {isa = PBXBuildFile; fileRef = 79E413C31D46528C0072863C /* PostCell.swift */; };
/* End PBXBuildFile section */

/* Begin PBXFileReference section */
		79331C6B1D3EBD1F0094D418 /* photoLogger.app */ = {isa = PBXFileReference; explicitFileType = wrapper.application; includeInIndex = 0; path = photoLogger.app; sourceTree = BUILT_PRODUCTS_DIR; };
		79331C6E1D3EBD1F0094D418 /* AppDelegate.swift */ = {isa = PBXFileReference; lastKnownFileType = sourcecode.swift; path = AppDelegate.swift; sourceTree = "<group>"; };
		79331C701D3EBD1F0094D418 /* DetailView.swift */ = {isa = PBXFileReference; lastKnownFileType = sourcecode.swift; path = DetailView.swift; sourceTree = "<group>"; };
		79331C731D3EBD1F0094D418 /* Base */ = {isa = PBXFileReference; lastKnownFileType = file.storyboard; name = Base; path = Base.lproj/Main.storyboard; sourceTree = "<group>"; };
		79331C751D3EBD1F0094D418 /* Assets.xcassets */ = {isa = PBXFileReference; lastKnownFileType = folder.assetcatalog; path = Assets.xcassets; sourceTree = "<group>"; };
		79331C781D3EBD1F0094D418 /* Base */ = {isa = PBXFileReference; lastKnownFileType = file.storyboard; name = Base; path = Base.lproj/LaunchScreen.storyboard; sourceTree = "<group>"; };
		79331C7A1D3EBD1F0094D418 /* Info.plist */ = {isa = PBXFileReference; lastKnownFileType = text.plist.xml; path = Info.plist; sourceTree = "<group>"; };
		797680FB1D400F65002F0382 /* Post.swift */ = {isa = PBXFileReference; fileEncoding = 4; lastKnownFileType = sourcecode.swift; path = Post.swift; sourceTree = SOURCE_ROOT; };
		79E413C31D46528C0072863C /* PostCell.swift */ = {isa = PBXFileReference; fileEncoding = 4; lastKnownFileType = sourcecode.swift; path = PostCell.swift; sourceTree = "<group>"; };
/* End PBXFileReference section */

/* Begin PBXFrameworksBuildPhase section */
		79331C681D3EBD1E0094D418 /* Frameworks */ = {
			isa = PBXFrameworksBuildPhase;
			buildActionMask = 2147483647;
			files = (
			);
			runOnlyForDeploymentPostprocessing = 0;
		};
/* End PBXFrameworksBuildPhase section */

/* Begin PBXGroup section */
		79331C621D3EBD1E0094D418 = {
			isa = PBXGroup;
			children = (
				79331C6D1D3EBD1F0094D418 /* photoLogger */,
				79331C6C1D3EBD1F0094D418 /* Products */,
			);
			sourceTree = "<group>";
		};
		79331C6C1D3EBD1F0094D418 /* Products */ = {
			isa = PBXGroup;
			children = (
				79331C6B1D3EBD1F0094D418 /* photoLogger.app */,
			);
			name = Products;
			sourceTree = "<group>";
		};
		79331C6D1D3EBD1F0094D418 /* photoLogger */ = {
			isa = PBXGroup;
			children = (
				79331C721D3EBD1F0094D418 /* Main.storyboard */,
				79331C771D3EBD1F0094D418 /* LaunchScreen.storyboard */,
				79331C801D3EC5C90094D418 /* model */,
				79331C811D3EC5E60094D418 /* views */,
				79331C831D3EC69E0094D418 /* services */,
				79331C841D3ECE8E0094D418 /* utilities */,
				79331C6E1D3EBD1F0094D418 /* AppDelegate.swift */,
				79331C751D3EBD1F0094D418 /* Assets.xcassets */,
				79331C7A1D3EBD1F0094D418 /* Info.plist */,
			);
			path = photoLogger;
			sourceTree = "<group>";
		};
		79331C801D3EC5C90094D418 /* model */ = {
			isa = PBXGroup;
			children = (
				797680FB1D400F65002F0382 /* Post.swift */,
			);
			name = model;
			sourceTree = "<group>";
		};
		79331C811D3EC5E60094D418 /* views */ = {
			isa = PBXGroup;
			children = (
				79331C701D3EBD1F0094D418 /* DetailView.swift */,
				79EAD5FC1D46A2F60020BBA4 /* cells */,
			);
			name = views;
			sourceTree = "<group>";
		};
		79331C831D3EC69E0094D418 /* services */ = {
			isa = PBXGroup;
			children = (
			);
			name = services;
			sourceTree = "<group>";
		};
		79331C841D3ECE8E0094D418 /* utilities */ = {
			isa = PBXGroup;
			children = (
			);
			name = utilities;
			sourceTree = "<group>";
		};
		79EAD5FC1D46A2F60020BBA4 /* cells */ = {
			isa = PBXGroup;
			children = (
				79E413C31D46528C0072863C /* PostCell.swift */,
			);
			name = cells;
			sourceTree = "<group>";
		};
/* End PBXGroup section */

/* Begin PBXNativeTarget section */
		79331C6A1D3EBD1E0094D418 /* photoLogger */ = {
			isa = PBXNativeTarget;
			buildConfigurationList = 79331C7D1D3EBD1F0094D418 /* Build configuration list for PBXNativeTarget "photoLogger" */;
			buildPhases = (
				79331C671D3EBD1E0094D418 /* Sources */,
				79331C681D3EBD1E0094D418 /* Frameworks */,
				79331C691D3EBD1E0094D418 /* Resources */,
			);
			buildRules = (
			);
			dependencies = (
			);
			name = photoLogger;
			productName = photoLogger;
			productReference = 79331C6B1D3EBD1F0094D418 /* photoLogger.app */;
			productType = "com.apple.product-type.application";
		};
/* End PBXNativeTarget section */

/* Begin PBXProject section */
		79331C631D3EBD1E0094D418 /* Project object */ = {
			isa = PBXProject;
			attributes = {
				LastSwiftUpdateCheck = 0800;
				LastUpgradeCheck = 0800;
				ORGANIZATIONNAME = "richard martin";
				TargetAttributes = {
					79331C6A1D3EBD1E0094D418 = {
						CreatedOnToolsVersion = 8.0;
						DevelopmentTeam = Q4N89QR649;
						DevelopmentTeamName = "Richard G Martin";
						ProvisioningStyle = Automatic;
					};
				};
			};
			buildConfigurationList = 79331C661D3EBD1E0094D418 /* Build configuration list for PBXProject "photoLogger" */;
			compatibilityVersion = "Xcode 3.2";
			developmentRegion = English;
			hasScannedForEncodings = 0;
			knownRegions = (
				en,
				Base,
			);
			mainGroup = 79331C621D3EBD1E0094D418;
			productRefGroup = 79331C6C1D3EBD1F0094D418 /* Products */;
			projectDirPath = "";
			projectRoot = "";
			targets = (
				79331C6A1D3EBD1E0094D418 /* photoLogger */,
			);
		};
/* End PBXProject section */

/* Begin PBXResourcesBuildPhase section */
		79331C691D3EBD1E0094D418 /* Resources */ = {
			isa = PBXResourcesBuildPhase;
			buildActionMask = 2147483647;
			files = (
				79331C791D3EBD1F0094D418 /* LaunchScreen.storyboard in Resources */,
				79331C761D3EBD1F0094D418 /* Assets.xcassets in Resources */,
				79331C741D3EBD1F0094D418 /* Main.storyboard in Resources */,
			);
			runOnlyForDeploymentPostprocessing = 0;
		};
/* End PBXResourcesBuildPhase section */

/* Begin PBXSourcesBuildPhase section */
		79331C671D3EBD1E0094D418 /* Sources */ = {
			isa = PBXSourcesBuildPhase;
			buildActionMask = 2147483647;
			files = (
				797680FC1D400F65002F0382 /* Post.swift in Sources */,
				79331C711D3EBD1F0094D418 /* DetailView.swift in Sources */,
				79331C6F1D3EBD1F0094D418 /* AppDelegate.swift in Sources */,
				79E413C41D46528C0072863C /* PostCell.swift in Sources */,
			);
			runOnlyForDeploymentPostprocessing = 0;
		};
/* End PBXSourcesBuildPhase section */

/* Begin PBXVariantGroup section */
		79331C721D3EBD1F0094D418 /* Main.storyboard */ = {
			isa = PBXVariantGroup;
			children = (
				79331C731D3EBD1F0094D418 /* Base */,
			);
			name = Main.storyboard;
			sourceTree = "<group>";
		};
		79331C771D3EBD1F0094D418 /* LaunchScreen.storyboard */ = {
			isa = PBXVariantGroup;
			children = (
				79331C781D3EBD1F0094D418 /* Base */,
			);
			name = LaunchScreen.storyboard;
			sourceTree = "<group>";
		};
/* End PBXVariantGroup section */

/* Begin XCBuildConfiguration section */
		79331C7B1D3EBD1F0094D418 /* Debug */ = {
			isa = XCBuildConfiguration;
			buildSettings = {
				ALWAYS_SEARCH_USER_PATHS = NO;
				CLANG_ANALYZER_NONNULL = YES;
				CLANG_CXX_LANGUAGE_STANDARD = "gnu++0x";
				CLANG_CXX_LIBRARY = "libc++";
				CLANG_ENABLE_MODULES = YES;
				CLANG_ENABLE_OBJC_ARC = YES;
				CLANG_WARN_BOOL_CONVERSION = YES;
				CLANG_WARN_CONSTANT_CONVERSION = YES;
				CLANG_WARN_DIRECT_OBJC_ISA_USAGE = YES_ERROR;
				CLANG_WARN_DOCUMENTATION_COMMENTS = YES;
				CLANG_WARN_EMPTY_BODY = YES;
				CLANG_WARN_ENUM_CONVERSION = YES;
				CLANG_WARN_INT_CONVERSION = YES;
				CLANG_WARN_OBJC_ROOT_CLASS = YES_ERROR;
				CLANG_WARN_UNREACHABLE_CODE = YES;
				CLANG_WARN__DUPLICATE_METHOD_MATCH = YES;
				"CODE_SIGN_IDENTITY[sdk=iphoneos*]" = "iPhone Developer";
				COPY_PHASE_STRIP = NO;
				DEBUG_INFORMATION_FORMAT = dwarf;
				ENABLE_STRICT_OBJC_MSGSEND = YES;
				ENABLE_TESTABILITY = YES;
				GCC_C_LANGUAGE_STANDARD = gnu99;
				GCC_DYNAMIC_NO_PIC = NO;
				GCC_NO_COMMON_BLOCKS = YES;
				GCC_OPTIMIZATION_LEVEL = 0;
				GCC_PREPROCESSOR_DEFINITIONS = (
					"DEBUG=1",
					"$(inherited)",
				);
				GCC_WARN_64_TO_32_BIT_CONVERSION = YES;
				GCC_WARN_ABOUT_RETURN_TYPE = YES_ERROR;
				GCC_WARN_UNDECLARED_SELECTOR = YES;
				GCC_WARN_UNINITIALIZED_AUTOS = YES_AGGRESSIVE;
				GCC_WARN_UNUSED_FUNCTION = YES;
				GCC_WARN_UNUSED_VARIABLE = YES;
				IPHONEOS_DEPLOYMENT_TARGET = 10.0;
				MTL_ENABLE_DEBUG_INFO = YES;
				ONLY_ACTIVE_ARCH = YES;
				SDKROOT = iphoneos;
				SWIFT_ACTIVE_COMPILATION_CONDITIONS = DEBUG;
				SWIFT_OPTIMIZATION_LEVEL = "-Onone";
				TARGETED_DEVICE_FAMILY = "1,2";
			};
			name = Debug;
		};
		79331C7C1D3EBD1F0094D418 /* Release */ = {
			isa = XCBuildConfiguration;
			buildSettings = {
				ALWAYS_SEARCH_USER_PATHS = NO;
				CLANG_ANALYZER_NONNULL = YES;
				CLANG_CXX_LANGUAGE_STANDARD = "gnu++0x";
				CLANG_CXX_LIBRARY = "libc++";
				CLANG_ENABLE_MODULES = YES;
				CLANG_ENABLE_OBJC_ARC = YES;
				CLANG_WARN_BOOL_CONVERSION = YES;
				CLANG_WARN_CONSTANT_CONVERSION = YES;
				CLANG_WARN_DIRECT_OBJC_ISA_USAGE = YES_ERROR;
				CLANG_WARN_DOCUMENTATION_COMMENTS = YES;
				CLANG_WARN_EMPTY_BODY = YES;
				CLANG_WARN_ENUM_CONVERSION = YES;
				CLANG_WARN_INT_CONVERSION = YES;
				CLANG_WARN_OBJC_ROOT_CLASS = YES_ERROR;
				CLANG_WARN_UNREACHABLE_CODE = YES;
				CLANG_WARN__DUPLICATE_METHOD_MATCH = YES;
				"CODE_SIGN_IDENTITY[sdk=iphoneos*]" = "iPhone Developer";
				COPY_PHASE_STRIP = NO;
				DEBUG_INFORMATION_FORMAT = "dwarf-with-dsym";
				ENABLE_NS_ASSERTIONS = NO;
				ENABLE_STRICT_OBJC_MSGSEND = YES;
				GCC_C_LANGUAGE_STANDARD = gnu99;
				GCC_NO_COMMON_BLOCKS = YES;
				GCC_WARN_64_TO_32_BIT_CONVERSION = YES;
				GCC_WARN_ABOUT_RETURN_TYPE = YES_ERROR;
				GCC_WARN_UNDECLARED_SELECTOR = YES;
				GCC_WARN_UNINITIALIZED_AUTOS = YES_AGGRESSIVE;
				GCC_WARN_UNUSED_FUNCTION = YES;
				GCC_WARN_UNUSED_VARIABLE = YES;
				IPHONEOS_DEPLOYMENT_TARGET = 10.0;
				MTL_ENABLE_DEBUG_INFO = NO;
				SDKROOT = iphoneos;
				SWIFT_OPTIMIZATION_LEVEL = "-Owholemodule";
				TARGETED_DEVICE_FAMILY = "1,2";
				VALIDATE_PRODUCT = YES;
			};
			name = Release;
		};
		79331C7E1D3EBD1F0094D418 /* Debug */ = {
			isa = XCBuildConfiguration;
			buildSettings = {
				ASSETCATALOG_COMPILER_APPICON_NAME = AppIcon;
				INFOPLIST_FILE = photoLogger/Info.plist;
				LD_RUNPATH_SEARCH_PATHS = "$(inherited) @executable_path/Frameworks";
				PRODUCT_BUNDLE_IDENTIFIER = me.richardgmartin.photoLogger;
				PRODUCT_NAME = "$(TARGET_NAME)";
				SWIFT_VERSION = 3.0;
			};
			name = Debug;
		};
		79331C7F1D3EBD1F0094D418 /* Release */ = {
			isa = XCBuildConfiguration;
			buildSettings = {
				ASSETCATALOG_COMPILER_APPICON_NAME = AppIcon;
				INFOPLIST_FILE = photoLogger/Info.plist;
				LD_RUNPATH_SEARCH_PATHS = "$(inherited) @executable_path/Frameworks";
				PRODUCT_BUNDLE_IDENTIFIER = me.richardgmartin.photoLogger;
				PRODUCT_NAME = "$(TARGET_NAME)";
				SWIFT_VERSION = 3.0;
			};
			name = Release;
		};
/* End XCBuildConfiguration section */

/* Begin XCConfigurationList section */
		79331C661D3EBD1E0094D418 /* Build configuration list for PBXProject "photoLogger" */ = {
			isa = XCConfigurationList;
			buildConfigurations = (
				79331C7B1D3EBD1F0094D418 /* Debug */,
				79331C7C1D3EBD1F0094D418 /* Release */,
			);
			defaultConfigurationIsVisible = 0;
			defaultConfigurationName = Release;
		};
		79331C7D1D3EBD1F0094D418 /* Build configuration list for PBXNativeTarget "photoLogger" */ = {
			isa = XCConfigurationList;
			buildConfigurations = (
				79331C7E1D3EBD1F0094D418 /* Debug */,
				79331C7F1D3EBD1F0094D418 /* Release */,
			);
			defaultConfigurationIsVisible = 0;
			defaultConfigurationName = Release;
		};
/* End XCConfigurationList section */
	};
	rootObject = 79331C631D3EBD1E0094D418 /* Project object */;
}
