// !$*UTF8*$!
{
	archiveVersion = 1;
	classes = {
	};
	objectVersion = 46;
	objects = {

/* Begin PBXBuildFile section */
		3F53FC4458D20BEB9B810D37 /* libPods-photoLogger.a in Frameworks */ = {isa = PBXBuildFile; fileRef = 67940DEC902E2A5EBE349A57 /* libPods-photoLogger.a */; };
		79331C6F1D3EBD1F0094D418 /* AppDelegate.swift in Sources */ = {isa = PBXBuildFile; fileRef = 79331C6E1D3EBD1F0094D418 /* AppDelegate.swift */; };
		79331C711D3EBD1F0094D418 /* DetailView.swift in Sources */ = {isa = PBXBuildFile; fileRef = 79331C701D3EBD1F0094D418 /* DetailView.swift */; };
		79331C741D3EBD1F0094D418 /* Main.storyboard in Resources */ = {isa = PBXBuildFile; fileRef = 79331C721D3EBD1F0094D418 /* Main.storyboard */; };
		79331C761D3EBD1F0094D418 /* Assets.xcassets in Resources */ = {isa = PBXBuildFile; fileRef = 79331C751D3EBD1F0094D418 /* Assets.xcassets */; };
		79331C791D3EBD1F0094D418 /* LaunchScreen.storyboard in Resources */ = {isa = PBXBuildFile; fileRef = 79331C771D3EBD1F0094D418 /* LaunchScreen.storyboard */; };
		793386101D5A1E73003DF510 /* NotoSans-Bold.ttf in Resources */ = {isa = PBXBuildFile; fileRef = 7933860C1D5A1E73003DF510 /* NotoSans-Bold.ttf */; };
		793386111D5A1E73003DF510 /* NotoSans-BoldItalic.ttf in Resources */ = {isa = PBXBuildFile; fileRef = 7933860D1D5A1E73003DF510 /* NotoSans-BoldItalic.ttf */; };
		793386121D5A1E73003DF510 /* NotoSans-Italic.ttf in Resources */ = {isa = PBXBuildFile; fileRef = 7933860E1D5A1E73003DF510 /* NotoSans-Italic.ttf */; };
		793386131D5A1E73003DF510 /* NotoSans-Regular.ttf in Resources */ = {isa = PBXBuildFile; fileRef = 7933860F1D5A1E73003DF510 /* NotoSans-Regular.ttf */; };
		793386151D5A2CCE003DF510 /* DropBoxView.swift in Sources */ = {isa = PBXBuildFile; fileRef = 793386141D5A2CCE003DF510 /* DropBoxView.swift */; };
		793386171D5A2E62003DF510 /* Constants.swift in Sources */ = {isa = PBXBuildFile; fileRef = 793386161D5A2E62003DF510 /* Constants.swift */; };
		793386191D5A5FFC003DF510 /* TextFieldView.swift in Sources */ = {isa = PBXBuildFile; fileRef = 793386181D5A5FFC003DF510 /* TextFieldView.swift */; };
		7933861B1D5A6822003DF510 /* StyleRectangleButton.swift in Sources */ = {isa = PBXBuildFile; fileRef = 7933861A1D5A6822003DF510 /* StyleRectangleButton.swift */; };
		797680FC1D400F65002F0382 /* Post.swift in Sources */ = {isa = PBXBuildFile; fileRef = 797680FB1D400F65002F0382 /* Post.swift */; };
		7995E7B41D5B6D1600731D10 /* LoginView.swift in Sources */ = {isa = PBXBuildFile; fileRef = 7995E7B31D5B6D1600731D10 /* LoginView.swift */; };
		79E413C41D46528C0072863C /* PostCell.swift in Sources */ = {isa = PBXBuildFile; fileRef = 79E413C31D46528C0072863C /* PostCell.swift */; };
		79F7ADD21D4920F8006A3B13 /* GoogleService-Info.plist in Resources */ = {isa = PBXBuildFile; fileRef = 79F7ADD11D4920F8006A3B13 /* GoogleService-Info.plist */; };
/* End PBXBuildFile section */

/* Begin PBXFileReference section */
		67940DEC902E2A5EBE349A57 /* libPods-photoLogger.a */ = {isa = PBXFileReference; explicitFileType = archive.ar; includeInIndex = 0; path = "libPods-photoLogger.a"; sourceTree = BUILT_PRODUCTS_DIR; };
		6DAE454DF498D5EA16B4DEF9 /* Pods-photoLogger.debug.xcconfig */ = {isa = PBXFileReference; includeInIndex = 1; lastKnownFileType = text.xcconfig; name = "Pods-photoLogger.debug.xcconfig"; path = "Pods/Target Support Files/Pods-photoLogger/Pods-photoLogger.debug.xcconfig"; sourceTree = "<group>"; };
		79331C6B1D3EBD1F0094D418 /* photoLogger.app */ = {isa = PBXFileReference; explicitFileType = wrapper.application; includeInIndex = 0; path = photoLogger.app; sourceTree = BUILT_PRODUCTS_DIR; };
		79331C6E1D3EBD1F0094D418 /* AppDelegate.swift */ = {isa = PBXFileReference; lastKnownFileType = sourcecode.swift; path = AppDelegate.swift; sourceTree = "<group>"; };
		79331C701D3EBD1F0094D418 /* DetailView.swift */ = {isa = PBXFileReference; lastKnownFileType = sourcecode.swift; path = DetailView.swift; sourceTree = "<group>"; };
		79331C731D3EBD1F0094D418 /* Base */ = {isa = PBXFileReference; lastKnownFileType = file.storyboard; name = Base; path = Base.lproj/Main.storyboard; sourceTree = "<group>"; };
		79331C751D3EBD1F0094D418 /* Assets.xcassets */ = {isa = PBXFileReference; lastKnownFileType = folder.assetcatalog; path = Assets.xcassets; sourceTree = "<group>"; };
		79331C781D3EBD1F0094D418 /* Base */ = {isa = PBXFileReference; lastKnownFileType = file.storyboard; name = Base; path = Base.lproj/LaunchScreen.storyboard; sourceTree = "<group>"; };
		79331C7A1D3EBD1F0094D418 /* Info.plist */ = {isa = PBXFileReference; lastKnownFileType = text.plist.xml; path = Info.plist; sourceTree = "<group>"; };
		7933860C1D5A1E73003DF510 /* NotoSans-Bold.ttf */ = {isa = PBXFileReference; lastKnownFileType = file; path = "NotoSans-Bold.ttf"; sourceTree = "<group>"; };
		7933860D1D5A1E73003DF510 /* NotoSans-BoldItalic.ttf */ = {isa = PBXFileReference; lastKnownFileType = file; path = "NotoSans-BoldItalic.ttf"; sourceTree = "<group>"; };
		7933860E1D5A1E73003DF510 /* NotoSans-Italic.ttf */ = {isa = PBXFileReference; lastKnownFileType = file; path = "NotoSans-Italic.ttf"; sourceTree = "<group>"; };
		7933860F1D5A1E73003DF510 /* NotoSans-Regular.ttf */ = {isa = PBXFileReference; lastKnownFileType = file; path = "NotoSans-Regular.ttf"; sourceTree = "<group>"; };
		793386141D5A2CCE003DF510 /* DropBoxView.swift */ = {isa = PBXFileReference; fileEncoding = 4; lastKnownFileType = sourcecode.swift; path = DropBoxView.swift; sourceTree = "<group>"; };
		793386161D5A2E62003DF510 /* Constants.swift */ = {isa = PBXFileReference; fileEncoding = 4; lastKnownFileType = sourcecode.swift; path = Constants.swift; sourceTree = "<group>"; };
		793386181D5A5FFC003DF510 /* TextFieldView.swift */ = {isa = PBXFileReference; fileEncoding = 4; lastKnownFileType = sourcecode.swift; path = TextFieldView.swift; sourceTree = "<group>"; };
		7933861A1D5A6822003DF510 /* StyleRectangleButton.swift */ = {isa = PBXFileReference; fileEncoding = 4; lastKnownFileType = sourcecode.swift; path = StyleRectangleButton.swift; sourceTree = "<group>"; };
		797680FB1D400F65002F0382 /* Post.swift */ = {isa = PBXFileReference; fileEncoding = 4; lastKnownFileType = sourcecode.swift; path = Post.swift; sourceTree = SOURCE_ROOT; };
		7995E7B31D5B6D1600731D10 /* LoginView.swift */ = {isa = PBXFileReference; fileEncoding = 4; lastKnownFileType = sourcecode.swift; path = LoginView.swift; sourceTree = "<group>"; };
		79E413C31D46528C0072863C /* PostCell.swift */ = {isa = PBXFileReference; fileEncoding = 4; lastKnownFileType = sourcecode.swift; path = PostCell.swift; sourceTree = "<group>"; };
		79F7ADD11D4920F8006A3B13 /* GoogleService-Info.plist */ = {isa = PBXFileReference; fileEncoding = 4; lastKnownFileType = text.plist.xml; path = "GoogleService-Info.plist"; sourceTree = "<group>"; };
		E4BA8673243489A63428372D /* Pods-photoLogger.release.xcconfig */ = {isa = PBXFileReference; includeInIndex = 1; lastKnownFileType = text.xcconfig; name = "Pods-photoLogger.release.xcconfig"; path = "Pods/Target Support Files/Pods-photoLogger/Pods-photoLogger.release.xcconfig"; sourceTree = "<group>"; };
/* End PBXFileReference section */

/* Begin PBXFrameworksBuildPhase section */
		79331C681D3EBD1E0094D418 /* Frameworks */ = {
			isa = PBXFrameworksBuildPhase;
			buildActionMask = 2147483647;
			files = (
				3F53FC4458D20BEB9B810D37 /* libPods-photoLogger.a in Frameworks */,
			);
			runOnlyForDeploymentPostprocessing = 0;
		};
/* End PBXFrameworksBuildPhase section */

/* Begin PBXGroup section */
		79331C621D3EBD1E0094D418 = {
			isa = PBXGroup;
			children = (
				79331C6D1D3EBD1F0094D418 /* photoLogger */,
				79331C6C1D3EBD1F0094D418 /* Products */,
				826EFAFA4717C819B9A39535 /* Pods */,
				A6F61D5AD2BAC9428CEA7279 /* Frameworks */,
			);
			sourceTree = "<group>";
		};
		79331C6C1D3EBD1F0094D418 /* Products */ = {
			isa = PBXGroup;
			children = (
				79331C6B1D3EBD1F0094D418 /* photoLogger.app */,
			);
			name = Products;
			sourceTree = "<group>";
		};
		79331C6D1D3EBD1F0094D418 /* photoLogger */ = {
			isa = PBXGroup;
			children = (
				79331C6E1D3EBD1F0094D418 /* AppDelegate.swift */,
				79331C721D3EBD1F0094D418 /* Main.storyboard */,
				79331C771D3EBD1F0094D418 /* LaunchScreen.storyboard */,
				79331C801D3EC5C90094D418 /* model */,
				79331C811D3EC5E60094D418 /* views */,
				79331C831D3EC69E0094D418 /* services */,
				7933860B1D5A1E1D003DF510 /* resources */,
				79331C841D3ECE8E0094D418 /* utilities */,
				79331C751D3EBD1F0094D418 /* Assets.xcassets */,
				79331C7A1D3EBD1F0094D418 /* Info.plist */,
				79F7ADD11D4920F8006A3B13 /* GoogleService-Info.plist */,
			);
			path = photoLogger;
			sourceTree = "<group>";
		};
		79331C801D3EC5C90094D418 /* model */ = {
			isa = PBXGroup;
			children = (
				797680FB1D400F65002F0382 /* Post.swift */,
			);
			name = model;
			sourceTree = "<group>";
		};
		79331C811D3EC5E60094D418 /* views */ = {
			isa = PBXGroup;
			children = (
				79331C701D3EBD1F0094D418 /* DetailView.swift */,
				7995E7B31D5B6D1600731D10 /* LoginView.swift */,
				7995E7B21D5B686400731D10 /* styles */,
				79EAD5FC1D46A2F60020BBA4 /* cells */,
			);
			name = views;
			sourceTree = "<group>";
		};
		79331C831D3EC69E0094D418 /* services */ = {
			isa = PBXGroup;
			children = (
			);
			name = services;
			sourceTree = "<group>";
		};
		79331C841D3ECE8E0094D418 /* utilities */ = {
			isa = PBXGroup;
			children = (
				793386161D5A2E62003DF510 /* Constants.swift */,
			);
			name = utilities;
			sourceTree = "<group>";
		};
		7933860B1D5A1E1D003DF510 /* resources */ = {
			isa = PBXGroup;
			children = (
				7933860C1D5A1E73003DF510 /* NotoSans-Bold.ttf */,
				7933860D1D5A1E73003DF510 /* NotoSans-BoldItalic.ttf */,
				7933860E1D5A1E73003DF510 /* NotoSans-Italic.ttf */,
				7933860F1D5A1E73003DF510 /* NotoSans-Regular.ttf */,
			);
			name = resources;
			sourceTree = "<group>";
		};
		7995E7B21D5B686400731D10 /* styles */ = {
			isa = PBXGroup;
			children = (
				7933861A1D5A6822003DF510 /* StyleRectangleButton.swift */,
				793386181D5A5FFC003DF510 /* TextFieldView.swift */,
				793386141D5A2CCE003DF510 /* DropBoxView.swift */,
			);
			name = styles;
			sourceTree = "<group>";
		};
		79EAD5FC1D46A2F60020BBA4 /* cells */ = {
			isa = PBXGroup;
			children = (
				79E413C31D46528C0072863C /* PostCell.swift */,
			);
			name = cells;
			sourceTree = "<group>";
		};
		826EFAFA4717C819B9A39535 /* Pods */ = {
			isa = PBXGroup;
			children = (
				6DAE454DF498D5EA16B4DEF9 /* Pods-photoLogger.debug.xcconfig */,
				E4BA8673243489A63428372D /* Pods-photoLogger.release.xcconfig */,
			);
			name = Pods;
			sourceTree = "<group>";
		};
		A6F61D5AD2BAC9428CEA7279 /* Frameworks */ = {
			isa = PBXGroup;
			children = (
				67940DEC902E2A5EBE349A57 /* libPods-photoLogger.a */,
			);
			name = Frameworks;
			sourceTree = "<group>";
		};
/* End PBXGroup section */

/* Begin PBXNativeTarget section */
		79331C6A1D3EBD1E0094D418 /* photoLogger */ = {
			isa = PBXNativeTarget;
			buildConfigurationList = 79331C7D1D3EBD1F0094D418 /* Build configuration list for PBXNativeTarget "photoLogger" */;
			buildPhases = (
				FA30C298C62832ED20D19960 /* [CP] Check Pods Manifest.lock */,
				79331C671D3EBD1E0094D418 /* Sources */,
				79331C681D3EBD1E0094D418 /* Frameworks */,
				79331C691D3EBD1E0094D418 /* Resources */,
				4B298DE94F712FEA86F96840 /* [CP] Embed Pods Frameworks */,
				6EE84A63527D296F202A2641 /* [CP] Copy Pods Resources */,
			);
			buildRules = (
			);
			dependencies = (
			);
			name = photoLogger;
			productName = photoLogger;
			productReference = 79331C6B1D3EBD1F0094D418 /* photoLogger.app */;
			productType = "com.apple.product-type.application";
		};
/* End PBXNativeTarget section */

/* Begin PBXProject section */
		79331C631D3EBD1E0094D418 /* Project object */ = {
			isa = PBXProject;
			attributes = {
				LastSwiftUpdateCheck = 0800;
				LastUpgradeCheck = 0800;
				ORGANIZATIONNAME = "richard martin";
				TargetAttributes = {
					79331C6A1D3EBD1E0094D418 = {
						CreatedOnToolsVersion = 8.0;
						DevelopmentTeam = Q4N89QR649;
						DevelopmentTeamName = "Richard G Martin";
						ProvisioningStyle = Automatic;
					};
				};
			};
			buildConfigurationList = 79331C661D3EBD1E0094D418 /* Build configuration list for PBXProject "photoLogger" */;
			compatibilityVersion = "Xcode 3.2";
			developmentRegion = English;
			hasScannedForEncodings = 0;
			knownRegions = (
				en,
				Base,
			);
			mainGroup = 79331C621D3EBD1E0094D418;
			productRefGroup = 79331C6C1D3EBD1F0094D418 /* Products */;
			projectDirPath = "";
			projectRoot = "";
			targets = (
				79331C6A1D3EBD1E0094D418 /* photoLogger */,
			);
		};
/* End PBXProject section */

/* Begin PBXResourcesBuildPhase section */
		79331C691D3EBD1E0094D418 /* Resources */ = {
			isa = PBXResourcesBuildPhase;
			buildActionMask = 2147483647;
			files = (
				793386111D5A1E73003DF510 /* NotoSans-BoldItalic.ttf in Resources */,
				79331C791D3EBD1F0094D418 /* LaunchScreen.storyboard in Resources */,
				79F7ADD21D4920F8006A3B13 /* GoogleService-Info.plist in Resources */,
				79331C761D3EBD1F0094D418 /* Assets.xcassets in Resources */,
				793386131D5A1E73003DF510 /* NotoSans-Regular.ttf in Resources */,
				793386121D5A1E73003DF510 /* NotoSans-Italic.ttf in Resources */,
				793386101D5A1E73003DF510 /* NotoSans-Bold.ttf in Resources */,
				79331C741D3EBD1F0094D418 /* Main.storyboard in Resources */,
			);
			runOnlyForDeploymentPostprocessing = 0;
		};
/* End PBXResourcesBuildPhase section */

/* Begin PBXShellScriptBuildPhase section */
		4B298DE94F712FEA86F96840 /* [CP] Embed Pods Frameworks */ = {
			isa = PBXShellScriptBuildPhase;
			buildActionMask = 2147483647;
			files = (
			);
			inputPaths = (
			);
			name = "[CP] Embed Pods Frameworks";
			outputPaths = (
			);
			runOnlyForDeploymentPostprocessing = 0;
			shellPath = /bin/sh;
			shellScript = "\"${SRCROOT}/Pods/Target Support Files/Pods-photoLogger/Pods-photoLogger-frameworks.sh\"\n";
			showEnvVarsInLog = 0;
		};
		6EE84A63527D296F202A2641 /* [CP] Copy Pods Resources */ = {
			isa = PBXShellScriptBuildPhase;
			buildActionMask = 2147483647;
			files = (
			);
			inputPaths = (
			);
			name = "[CP] Copy Pods Resources";
			outputPaths = (
			);
			runOnlyForDeploymentPostprocessing = 0;
			shellPath = /bin/sh;
			shellScript = "\"${SRCROOT}/Pods/Target Support Files/Pods-photoLogger/Pods-photoLogger-resources.sh\"\n";
			showEnvVarsInLog = 0;
		};
		FA30C298C62832ED20D19960 /* [CP] Check Pods Manifest.lock */ = {
			isa = PBXShellScriptBuildPhase;
			buildActionMask = 2147483647;
			files = (
			);
			inputPaths = (
			);
			name = "[CP] Check Pods Manifest.lock";
			outputPaths = (
			);
			runOnlyForDeploymentPostprocessing = 0;
			shellPath = /bin/sh;
			shellScript = "diff \"${PODS_ROOT}/../Podfile.lock\" \"${PODS_ROOT}/Manifest.lock\" > /dev/null\nif [[ $? != 0 ]] ; then\n    cat << EOM\nerror: The sandbox is not in sync with the Podfile.lock. Run 'pod install' or update your CocoaPods installation.\nEOM\n    exit 1\nfi\n";
			showEnvVarsInLog = 0;
		};
/* End PBXShellScriptBuildPhase section */

/* Begin PBXSourcesBuildPhase section */
		79331C671D3EBD1E0094D418 /* Sources */ = {
			isa = PBXSourcesBuildPhase;
			buildActionMask = 2147483647;
			files = (
				793386151D5A2CCE003DF510 /* DropBoxView.swift in Sources */,
				793386191D5A5FFC003DF510 /* TextFieldView.swift in Sources */,
				797680FC1D400F65002F0382 /* Post.swift in Sources */,
				7995E7B41D5B6D1600731D10 /* LoginView.swift in Sources */,
				79331C711D3EBD1F0094D418 /* DetailView.swift in Sources */,
				79331C6F1D3EBD1F0094D418 /* AppDelegate.swift in Sources */,
				79E413C41D46528C0072863C /* PostCell.swift in Sources */,
				793386171D5A2E62003DF510 /* Constants.swift in Sources */,
				7933861B1D5A6822003DF510 /* StyleRectangleButton.swift in Sources */,
			);
			runOnlyForDeploymentPostprocessing = 0;
		};
/* End PBXSourcesBuildPhase section */

/* Begin PBXVariantGroup section */
		79331C721D3EBD1F0094D418 /* Main.storyboard */ = {
			isa = PBXVariantGroup;
			children = (
				79331C731D3EBD1F0094D418 /* Base */,
			);
			name = Main.storyboard;
			sourceTree = "<group>";
		};
		79331C771D3EBD1F0094D418 /* LaunchScreen.storyboard */ = {
			isa = PBXVariantGroup;
			children = (
				79331C781D3EBD1F0094D418 /* Base */,
			);
			name = LaunchScreen.storyboard;
			sourceTree = "<group>";
		};
/* End PBXVariantGroup section */

/* Begin XCBuildConfiguration section */
		79331C7B1D3EBD1F0094D418 /* Debug */ = {
			isa = XCBuildConfiguration;
			buildSettings = {
				ALWAYS_SEARCH_USER_PATHS = NO;
				CLANG_ANALYZER_NONNULL = YES;
				CLANG_CXX_LANGUAGE_STANDARD = "gnu++0x";
				CLANG_CXX_LIBRARY = "libc++";
				CLANG_ENABLE_MODULES = YES;
				CLANG_ENABLE_OBJC_ARC = YES;
				CLANG_WARN_BOOL_CONVERSION = YES;
				CLANG_WARN_CONSTANT_CONVERSION = YES;
				CLANG_WARN_DIRECT_OBJC_ISA_USAGE = YES_ERROR;
				CLANG_WARN_DOCUMENTATION_COMMENTS = YES;
				CLANG_WARN_EMPTY_BODY = YES;
				CLANG_WARN_ENUM_CONVERSION = YES;
				CLANG_WARN_INT_CONVERSION = YES;
				CLANG_WARN_OBJC_ROOT_CLASS = YES_ERROR;
				CLANG_WARN_UNREACHABLE_CODE = YES;
				CLANG_WARN__DUPLICATE_METHOD_MATCH = YES;
				"CODE_SIGN_IDENTITY[sdk=iphoneos*]" = "iPhone Developer";
				COPY_PHASE_STRIP = NO;
				DEBUG_INFORMATION_FORMAT = dwarf;
				ENABLE_STRICT_OBJC_MSGSEND = YES;
				ENABLE_TESTABILITY = YES;
				GCC_C_LANGUAGE_STANDARD = gnu99;
				GCC_DYNAMIC_NO_PIC = NO;
				GCC_NO_COMMON_BLOCKS = YES;
				GCC_OPTIMIZATION_LEVEL = 0;
				GCC_PREPROCESSOR_DEFINITIONS = (
					"DEBUG=1",
					"$(inherited)",
				);
				GCC_WARN_64_TO_32_BIT_CONVERSION = YES;
				GCC_WARN_ABOUT_RETURN_TYPE = YES_ERROR;
				GCC_WARN_UNDECLARED_SELECTOR = YES;
				GCC_WARN_UNINITIALIZED_AUTOS = YES_AGGRESSIVE;
				GCC_WARN_UNUSED_FUNCTION = YES;
				GCC_WARN_UNUSED_VARIABLE = YES;
				IPHONEOS_DEPLOYMENT_TARGET = 10.0;
				MTL_ENABLE_DEBUG_INFO = YES;
				ONLY_ACTIVE_ARCH = YES;
				SDKROOT = iphoneos;
				SWIFT_ACTIVE_COMPILATION_CONDITIONS = DEBUG;
				SWIFT_OPTIMIZATION_LEVEL = "-Onone";
				TARGETED_DEVICE_FAMILY = "1,2";
			};
			name = Debug;
		};
		79331C7C1D3EBD1F0094D418 /* Release */ = {
			isa = XCBuildConfiguration;
			buildSettings = {
				ALWAYS_SEARCH_USER_PATHS = NO;
				CLANG_ANALYZER_NONNULL = YES;
				CLANG_CXX_LANGUAGE_STANDARD = "gnu++0x";
				CLANG_CXX_LIBRARY = "libc++";
				CLANG_ENABLE_MODULES = YES;
				CLANG_ENABLE_OBJC_ARC = YES;
				CLANG_WARN_BOOL_CONVERSION = YES;
				CLANG_WARN_CONSTANT_CONVERSION = YES;
				CLANG_WARN_DIRECT_OBJC_ISA_USAGE = YES_ERROR;
				CLANG_WARN_DOCUMENTATION_COMMENTS = YES;
				CLANG_WARN_EMPTY_BODY = YES;
				CLANG_WARN_ENUM_CONVERSION = YES;
				CLANG_WARN_INT_CONVERSION = YES;
				CLANG_WARN_OBJC_ROOT_CLASS = YES_ERROR;
				CLANG_WARN_UNREACHABLE_CODE = YES;
				CLANG_WARN__DUPLICATE_METHOD_MATCH = YES;
				"CODE_SIGN_IDENTITY[sdk=iphoneos*]" = "iPhone Developer";
				COPY_PHASE_STRIP = NO;
				DEBUG_INFORMATION_FORMAT = "dwarf-with-dsym";
				ENABLE_NS_ASSERTIONS = NO;
				ENABLE_STRICT_OBJC_MSGSEND = YES;
				GCC_C_LANGUAGE_STANDARD = gnu99;
				GCC_NO_COMMON_BLOCKS = YES;
				GCC_WARN_64_TO_32_BIT_CONVERSION = YES;
				GCC_WARN_ABOUT_RETURN_TYPE = YES_ERROR;
				GCC_WARN_UNDECLARED_SELECTOR = YES;
				GCC_WARN_UNINITIALIZED_AUTOS = YES_AGGRESSIVE;
				GCC_WARN_UNUSED_FUNCTION = YES;
				GCC_WARN_UNUSED_VARIABLE = YES;
				IPHONEOS_DEPLOYMENT_TARGET = 10.0;
				MTL_ENABLE_DEBUG_INFO = NO;
				SDKROOT = iphoneos;
				SWIFT_OPTIMIZATION_LEVEL = "-Owholemodule";
				TARGETED_DEVICE_FAMILY = "1,2";
				VALIDATE_PRODUCT = YES;
			};
			name = Release;
		};
		79331C7E1D3EBD1F0094D418 /* Debug */ = {
			isa = XCBuildConfiguration;
			baseConfigurationReference = 6DAE454DF498D5EA16B4DEF9 /* Pods-photoLogger.debug.xcconfig */;
			buildSettings = {
				ASSETCATALOG_COMPILER_APPICON_NAME = AppIcon;
				INFOPLIST_FILE = photoLogger/Info.plist;
				LD_RUNPATH_SEARCH_PATHS = "$(inherited) @executable_path/Frameworks";
				PRODUCT_BUNDLE_IDENTIFIER = me.richardgmartin.photoLogger;
				PRODUCT_NAME = "$(TARGET_NAME)";
				SWIFT_VERSION = 3.0;
			};
			name = Debug;
		};
		79331C7F1D3EBD1F0094D418 /* Release */ = {
			isa = XCBuildConfiguration;
			baseConfigurationReference = E4BA8673243489A63428372D /* Pods-photoLogger.release.xcconfig */;
			buildSettings = {
				ASSETCATALOG_COMPILER_APPICON_NAME = AppIcon;
				INFOPLIST_FILE = photoLogger/Info.plist;
				LD_RUNPATH_SEARCH_PATHS = "$(inherited) @executable_path/Frameworks";
				PRODUCT_BUNDLE_IDENTIFIER = me.richardgmartin.photoLogger;
				PRODUCT_NAME = "$(TARGET_NAME)";
				SWIFT_VERSION = 3.0;
			};
			name = Release;
		};
/* End XCBuildConfiguration section */

/* Begin XCConfigurationList section */
		79331C661D3EBD1E0094D418 /* Build configuration list for PBXProject "photoLogger" */ = {
			isa = XCConfigurationList;
			buildConfigurations = (
				79331C7B1D3EBD1F0094D418 /* Debug */,
				79331C7C1D3EBD1F0094D418 /* Release */,
			);
			defaultConfigurationIsVisible = 0;
			defaultConfigurationName = Release;
		};
		79331C7D1D3EBD1F0094D418 /* Build configuration list for PBXNativeTarget "photoLogger" */ = {
			isa = XCConfigurationList;
			buildConfigurations = (
				79331C7E1D3EBD1F0094D418 /* Debug */,
				79331C7F1D3EBD1F0094D418 /* Release */,
			);
			defaultConfigurationIsVisible = 0;
			defaultConfigurationName = Release;
		};
/* End XCConfigurationList section */
	};
	rootObject = 79331C631D3EBD1E0094D418 /* Project object */;
}
